PODS:
  - Alamofire (3.3.1)
  - ARSLineProgress (1.1.1)
  - CalendarLib (2.0):
    - OrderedDictionary (~> 1.2)
    - OSCache (~> 1.2)
  - Cosmos (1.2.2)
  - MMDrawerController (0.5.7):
    - MMDrawerController/Core (= 0.5.7)
    - MMDrawerController/MMDrawerBarButtonItem (= 0.5.7)
    - MMDrawerController/MMDrawerVisualStates (= 0.5.7)
    - MMDrawerController/Subclass (= 0.5.7)
  - MMDrawerController/Core (0.5.7)
  - MMDrawerController/MMDrawerBarButtonItem (0.5.7):
    - MMDrawerController/Core
  - MMDrawerController/MMDrawerVisualStates (0.5.7):
    - MMDrawerController/Core
  - MMDrawerController/Subclass (0.5.7):
    - MMDrawerController/Core
  - OrderedDictionary (1.2)
  - OSCache (1.2.1)
  - SwiftyJSON (2.3.2)
  - TPDMapsApp (1.1.0)

DEPENDENCIES:
  - Alamofire
  - ARSLineProgress (~> 1.0)
  - CalendarLib (~> 2.0)
  - Cosmos (~> 1.2)
  - MMDrawerController (~> 0.5.7)
  - OrderedDictionary (~> 1.2)
  - OSCache (~> 1.2)
  - SwiftyJSON (from `https://github.com/SwiftyJSON/SwiftyJSON.git`)
  - TPDMapsApp (~> 1.0)

EXTERNAL SOURCES:
  SwiftyJSON:
    :git: https://github.com/SwiftyJSON/SwiftyJSON.git

CHECKOUT OPTIONS:
  SwiftyJSON:
    :commit: 2a5b70f06001316d4fb54501edc70b4084705da0
    :git: https://github.com/SwiftyJSON/SwiftyJSON.git

SPEC CHECKSUMS:
  Alamofire: 369bc67b6f5ac33ded3648d7bd21c5bfb91c2ecc
  ARSLineProgress: e54c736d1cf043229c2038d35572f9977f240ebd
  CalendarLib: 040a8a655376581d8dc7c3c63196ddcf5223f471
  Cosmos: 87c49100c69d2cb2eebfa4eb8d1e801fe29ff774
  MMDrawerController: 7a4cf8e25596bf2434e03ce50d22a8608ddee6a1
  OrderedDictionary: 9cc5d69c5c5314ad696ed1839190724e83d534c7
  OSCache: 826996b68e8542a8a3d8af1ab0a0fc3070d8f357
  SwiftyJSON: 04ccea08915aa0109039157c7974cf0298da292a
  TPDMapsApp: 2ccfb67dd3192bc0757a34f7f1dad5fadb2012b1

COCOAPODS: 0.39.0
